
Microsoft Visual Studio Solution File, Format Version 12.00
Project("{FAE04EC0-301F-11D3-BF4B-00C04F79EFBC}") = "Lab2", "Lab2\Lab2.csproj", "{0643A218-642F-47EA-8677-6D264CAA6B1B}"
EndProject
Project("{FAE04EC0-301F-11D3-BF4B-00C04F79EFBC}") = "Lab2.Test", "Lab2.Test\Lab2.Test.csproj", "{C03CBD0A-AFF9-403A-A0E1-9CD6DC728855}"
EndProject
Global
	GlobalSection(SolutionConfigurationPlatforms) = preSolution
		Debug|Any CPU = Debug|Any CPU
		Release|Any CPU = Release|Any CPU
	EndGlobalSection
	GlobalSection(ProjectConfigurationPlatforms) = postSolution
		{0643A218-642F-47EA-8677-6D264CAA6B1B}.Debug|Any CPU.ActiveCfg = Debug|Any CPU
		{0643A218-642F-47EA-8677-6D264CAA6B1B}.Debug|Any CPU.Build.0 = Debug|Any CPU
		{0643A218-642F-47EA-8677-6D264CAA6B1B}.Release|Any CPU.ActiveCfg = Release|Any CPU
		{0643A218-642F-47EA-8677-6D264CAA6B1B}.Release|Any CPU.Build.0 = Release|Any CPU
		{C03CBD0A-AFF9-403A-A0E1-9CD6DC728855}.Debug|Any CPU.ActiveCfg = Debug|Any CPU
		{C03CBD0A-AFF9-403A-A0E1-9CD6DC728855}.Debug|Any CPU.Build.0 = Debug|Any CPU
		{C03CBD0A-AFF9-403A-A0E1-9CD6DC728855}.Release|Any CPU.ActiveCfg = Release|Any CPU
		{C03CBD0A-AFF9-403A-A0E1-9CD6DC728855}.Release|Any CPU.Build.0 = Release|Any CPU
	EndGlobalSection
EndGlobal
